<Solution>
  <Folder Name="/Solution Items/">
    <File Path="Directory.Build.props" />
  </Folder>
  <Project Path="src/PersonalBusinessManager.Core/PersonalBusinessManager.Core.csproj" />
  <Project Path="src/PersonalBusinessManager.Infrastructure/PersonalBusinessManager.Infrastructure.csproj" />
  <Project Path="src/PersonalBusinessManager.Reporting/PersonalBusinessManager.Reporting.csproj" />
  <Project Path="src/PersonalBusinessManager.WinForms/PersonalBusinessManager.WinForms.csproj" />
  <Project Path="tests/PersonalBusinessManager.Core.Tests/PersonalBusinessManager.Core.Tests.csproj" />
  <Project Path="tests/PersonalBusinessManager.IntegrationTests/PersonalBusinessManager.IntegrationTests.csproj" />
  <Project Path="tools/PersonalBusinessManager.DatabaseMigrator/PersonalBusinessManager.DatabaseMigrator.csproj" />
</Solution>
